
Microsoft Visual Studio Solution File, Format Version 12.00
# Visual Studio Version 17
VisualStudioVersion = 17.12.35527.113
MinimumVisualStudioVersion = 10.0.40219.1
Project("{FAE04EC0-301F-11D3-BF4B-00C04F79EFBC}") = "MinimalEC.Category.WebAPI", "MinimalEC.Category.WebAPI\MinimalEC.Category.WebAPI.csproj", "{736C02A3-1202-4860-A7B4-F5E412C98139}"
EndProject
Project("{FAE04EC0-301F-11D3-BF4B-00C04F79EFBC}") = "MinimalEC.Product.WebAPI", "MinimalEC.Product.WebAPI\MinimalEC.Product.WebAPI.csproj", "{80A5462C-CEF1-457F-85BB-6D2E9DC92A77}"
EndProject
Project("{FAE04EC0-301F-11D3-BF4B-00C04F79EFBC}") = "MinimalEC.Gateway.WebAPI", "MinimalEC.Gateway.WebAPI\MinimalEC.Gateway.WebAPI.csproj", "{E1CD7207-6669-4536-A452-B7A8893F439E}"
EndProject
Project("{FAE04EC0-301F-11D3-BF4B-00C04F79EFBC}") = "MinimalEC.ServiceDefaults", "MinimalEC.ServiceDefaults\MinimalEC.ServiceDefaults.csproj", "{AA22AC9C-C870-49AE-BC0B-72C10AB5B9C8}"
EndProject
Project("{FAE04EC0-301F-11D3-BF4B-00C04F79EFBC}") = "MinimalEC.AppHost", "MinimalEC.AppHost\MinimalEC.AppHost.csproj", "{72773C93-9E87-46C3-859B-9E39B7D0940F}"
EndProject
Global
	GlobalSection(SolutionConfigurationPlatforms) = preSolution
		Debug|Any CPU = Debug|Any CPU
		Release|Any CPU = Release|Any CPU
	EndGlobalSection
	GlobalSection(ProjectConfigurationPlatforms) = postSolution
		{736C02A3-1202-4860-A7B4-F5E412C98139}.Debug|Any CPU.ActiveCfg = Debug|Any CPU
		{736C02A3-1202-4860-A7B4-F5E412C98139}.Debug|Any CPU.Build.0 = Debug|Any CPU
		{736C02A3-1202-4860-A7B4-F5E412C98139}.Release|Any CPU.ActiveCfg = Release|Any CPU
		{736C02A3-1202-4860-A7B4-F5E412C98139}.Release|Any CPU.Build.0 = Release|Any CPU
		{80A5462C-CEF1-457F-85BB-6D2E9DC92A77}.Debug|Any CPU.ActiveCfg = Debug|Any CPU
		{80A5462C-CEF1-457F-85BB-6D2E9DC92A77}.Debug|Any CPU.Build.0 = Debug|Any CPU
		{80A5462C-CEF1-457F-85BB-6D2E9DC92A77}.Release|Any CPU.ActiveCfg = Release|Any CPU
		{80A5462C-CEF1-457F-85BB-6D2E9DC92A77}.Release|Any CPU.Build.0 = Release|Any CPU
		{E1CD7207-6669-4536-A452-B7A8893F439E}.Debug|Any CPU.ActiveCfg = Debug|Any CPU
		{E1CD7207-6669-4536-A452-B7A8893F439E}.Debug|Any CPU.Build.0 = Debug|Any CPU
		{E1CD7207-6669-4536-A452-B7A8893F439E}.Release|Any CPU.ActiveCfg = Release|Any CPU
		{E1CD7207-6669-4536-A452-B7A8893F439E}.Release|Any CPU.Build.0 = Release|Any CPU
		{AA22AC9C-C870-49AE-BC0B-72C10AB5B9C8}.Debug|Any CPU.ActiveCfg = Debug|Any CPU
		{AA22AC9C-C870-49AE-BC0B-72C10AB5B9C8}.Debug|Any CPU.Build.0 = Debug|Any CPU
		{AA22AC9C-C870-49AE-BC0B-72C10AB5B9C8}.Release|Any CPU.ActiveCfg = Release|Any CPU
		{AA22AC9C-C870-49AE-BC0B-72C10AB5B9C8}.Release|Any CPU.Build.0 = Release|Any CPU
		{72773C93-9E87-46C3-859B-9E39B7D0940F}.Debug|Any CPU.ActiveCfg = Debug|Any CPU
		{72773C93-9E87-46C3-859B-9E39B7D0940F}.Debug|Any CPU.Build.0 = Debug|Any CPU
		{72773C93-9E87-46C3-859B-9E39B7D0940F}.Release|Any CPU.ActiveCfg = Release|Any CPU
		{72773C93-9E87-46C3-859B-9E39B7D0940F}.Release|Any CPU.Build.0 = Release|Any CPU
	EndGlobalSection
	GlobalSection(SolutionProperties) = preSolution
		HideSolutionNode = FALSE
	EndGlobalSection
EndGlobal
